
Microsoft Visual Studio Solution File, Format Version 12.00
# Visual Studio Version 16
VisualStudioVersion = 16.0.30428.66
MinimumVisualStudioVersion = 10.0.40219.1
Project("{9A19103F-16F7-4668-BE54-9A1E7A4F7556}") = "eRestoran_API", "eRestoran_API\eRestoran_API.csproj", "{A7DE94FC-49C9-4863-941A-08C002FDBC19}"
EndProject
Project("{9A19103F-16F7-4668-BE54-9A1E7A4F7556}") = "eRestoran.Model", "eRestoran.Model\eRestoran.Model.csproj", "{F27B8DD6-1FEB-4739-8D7A-88698C43484A}"
EndProject
Project("{2150E333-8FDC-42A3-9474-1A3956D46DE8}") = "UI", "UI", "{D6D99ABE-2236-4210-BC3F-695599EF2CCF}"
EndProject
Project("{FAE04EC0-301F-11D3-BF4B-00C04F79EFBC}") = "eRestoran.WinUI", "eRestoran.WinUI\eRestoran.WinUI.csproj", "{41CDFA43-BBA0-46A9-BD9E-936FFBDC02DD}"
EndProject
Global
	GlobalSection(SolutionConfigurationPlatforms) = preSolution
		Debug|Any CPU = Debug|Any CPU
		Release|Any CPU = Release|Any CPU
	EndGlobalSection
	GlobalSection(ProjectConfigurationPlatforms) = postSolution
		{A7DE94FC-49C9-4863-941A-08C002FDBC19}.Debug|Any CPU.ActiveCfg = Debug|Any CPU
		{A7DE94FC-49C9-4863-941A-08C002FDBC19}.Debug|Any CPU.Build.0 = Debug|Any CPU
		{A7DE94FC-49C9-4863-941A-08C002FDBC19}.Release|Any CPU.ActiveCfg = Release|Any CPU
		{A7DE94FC-49C9-4863-941A-08C002FDBC19}.Release|Any CPU.Build.0 = Release|Any CPU
		{F27B8DD6-1FEB-4739-8D7A-88698C43484A}.Debug|Any CPU.ActiveCfg = Debug|Any CPU
		{F27B8DD6-1FEB-4739-8D7A-88698C43484A}.Debug|Any CPU.Build.0 = Debug|Any CPU
		{F27B8DD6-1FEB-4739-8D7A-88698C43484A}.Release|Any CPU.ActiveCfg = Release|Any CPU
		{F27B8DD6-1FEB-4739-8D7A-88698C43484A}.Release|Any CPU.Build.0 = Release|Any CPU
		{41CDFA43-BBA0-46A9-BD9E-936FFBDC02DD}.Debug|Any CPU.ActiveCfg = Debug|Any CPU
		{41CDFA43-BBA0-46A9-BD9E-936FFBDC02DD}.Debug|Any CPU.Build.0 = Debug|Any CPU
		{41CDFA43-BBA0-46A9-BD9E-936FFBDC02DD}.Release|Any CPU.ActiveCfg = Release|Any CPU
		{41CDFA43-BBA0-46A9-BD9E-936FFBDC02DD}.Release|Any CPU.Build.0 = Release|Any CPU
	EndGlobalSection
	GlobalSection(SolutionProperties) = preSolution
		HideSolutionNode = FALSE
	EndGlobalSection
	GlobalSection(NestedProjects) = preSolution
		{41CDFA43-BBA0-46A9-BD9E-936FFBDC02DD} = {D6D99ABE-2236-4210-BC3F-695599EF2CCF}
	EndGlobalSection
	GlobalSection(ExtensibilityGlobals) = postSolution
		SolutionGuid = {89504E51-A0C3-4443-8ED7-5E7F5D6CF7D6}
	EndGlobalSection
EndGlobal
